// !$*UTF8*$!
{
	archiveVersion = 1;
	classes = {
	};
	objectVersion = 50;
	objects = {

/* Begin PBXBuildFile section */
		B4C93B78212EEFA500D21C91 /* AppDelegate.swift in Sources */ = {isa = PBXBuildFile; fileRef = B4C93B77212EEFA500D21C91 /* AppDelegate.swift */; };
		B4C93B7A212EEFA500D21C91 /* ListCategoriesViewController.swift in Sources */ = {isa = PBXBuildFile; fileRef = B4C93B79212EEFA500D21C91 /* ListCategoriesViewController.swift */; };
		B4C93B7D212EEFA500D21C91 /* Main.storyboard in Resources */ = {isa = PBXBuildFile; fileRef = B4C93B7B212EEFA500D21C91 /* Main.storyboard */; };
		B4C93B7F212EEFA600D21C91 /* Assets.xcassets in Resources */ = {isa = PBXBuildFile; fileRef = B4C93B7E212EEFA600D21C91 /* Assets.xcassets */; };
		B4C93B82212EEFA600D21C91 /* LaunchScreen.storyboard in Resources */ = {isa = PBXBuildFile; fileRef = B4C93B80212EEFA600D21C91 /* LaunchScreen.storyboard */; };
		B4C93B8D212EF3F200D21C91 /* ListViewController.swift in Sources */ = {isa = PBXBuildFile; fileRef = B4C93B8C212EF3F200D21C91 /* ListViewController.swift */; };
/* End PBXBuildFile section */

/* Begin PBXFileReference section */
		B4C93B74212EEFA500D21C91 /* ToDoList-iOS.app */ = {isa = PBXFileReference; explicitFileType = wrapper.application; includeInIndex = 0; path = "ToDoList-iOS.app"; sourceTree = BUILT_PRODUCTS_DIR; };
		B4C93B77212EEFA500D21C91 /* AppDelegate.swift */ = {isa = PBXFileReference; lastKnownFileType = sourcecode.swift; path = AppDelegate.swift; sourceTree = "<group>"; };
		B4C93B79212EEFA500D21C91 /* ListCategoriesViewController.swift */ = {isa = PBXFileReference; lastKnownFileType = sourcecode.swift; path = ListCategoriesViewController.swift; sourceTree = "<group>"; };
		B4C93B7C212EEFA500D21C91 /* Base */ = {isa = PBXFileReference; lastKnownFileType = file.storyboard; name = Base; path = Base.lproj/Main.storyboard; sourceTree = "<group>"; };
		B4C93B7E212EEFA600D21C91 /* Assets.xcassets */ = {isa = PBXFileReference; lastKnownFileType = folder.assetcatalog; path = Assets.xcassets; sourceTree = "<group>"; };
		B4C93B81212EEFA600D21C91 /* Base */ = {isa = PBXFileReference; lastKnownFileType = file.storyboard; name = Base; path = Base.lproj/LaunchScreen.storyboard; sourceTree = "<group>"; };
		B4C93B83212EEFA600D21C91 /* Info.plist */ = {isa = PBXFileReference; lastKnownFileType = text.plist.xml; path = Info.plist; sourceTree = "<group>"; };
		B4C93B8C212EF3F200D21C91 /* ListViewController.swift */ = {isa = PBXFileReference; lastKnownFileType = sourcecode.swift; path = ListViewController.swift; sourceTree = "<group>"; };
/* End PBXFileReference section */

/* Begin PBXFrameworksBuildPhase section */
		B4C93B71212EEFA500D21C91 /* Frameworks */ = {
			isa = PBXFrameworksBuildPhase;
			buildActionMask = 2147483647;
			files = (
			);
			runOnlyForDeploymentPostprocessing = 0;
		};
/* End PBXFrameworksBuildPhase section */

/* Begin PBXGroup section */
		B4C93B6B212EEFA500D21C91 = {
			isa = PBXGroup;
			children = (
				B4C93B76212EEFA500D21C91 /* ToDoList-iOS */,
				B4C93B75212EEFA500D21C91 /* Products */,
			);
			sourceTree = "<group>";
		};
		B4C93B75212EEFA500D21C91 /* Products */ = {
			isa = PBXGroup;
			children = (
				B4C93B74212EEFA500D21C91 /* ToDoList-iOS.app */,
			);
			name = Products;
			sourceTree = "<group>";
		};
		B4C93B76212EEFA500D21C91 /* ToDoList-iOS */ = {
			isa = PBXGroup;
			children = (
				B4C93B77212EEFA500D21C91 /* AppDelegate.swift */,
				B4C93B8B212EF00B00D21C91 /* Models */,
				B4C93B8A212EF00600D21C91 /* Views */,
				B4C93B89212EEFFF00D21C91 /* Controllers */,
				B4C93B7E212EEFA600D21C91 /* Assets.xcassets */,
				B4C93B83212EEFA600D21C91 /* Info.plist */,
			);
			path = "ToDoList-iOS";
			sourceTree = "<group>";
		};
		B4C93B89212EEFFF00D21C91 /* Controllers */ = {
			isa = PBXGroup;
			children = (
				B4C93B79212EEFA500D21C91 /* ListCategoriesViewController.swift */,
				B4C93B8C212EF3F200D21C91 /* ListViewController.swift */,
			);
			path = Controllers;
			sourceTree = "<group>";
		};
		B4C93B8A212EF00600D21C91 /* Views */ = {
			isa = PBXGroup;
			children = (
				B4C93B80212EEFA600D21C91 /* LaunchScreen.storyboard */,
				B4C93B7B212EEFA500D21C91 /* Main.storyboard */,
			);
			path = Views;
			sourceTree = "<group>";
		};
		B4C93B8B212EF00B00D21C91 /* Models */ = {
			isa = PBXGroup;
			children = (
			);
			path = Models;
			sourceTree = "<group>";
		};
/* End PBXGroup section */

/* Begin PBXNativeTarget section */
		B4C93B73212EEFA500D21C91 /* ToDoList-iOS */ = {
			isa = PBXNativeTarget;
			buildConfigurationList = B4C93B86212EEFA600D21C91 /* Build configuration list for PBXNativeTarget "ToDoList-iOS" */;
			buildPhases = (
				B4C93B70212EEFA500D21C91 /* Sources */,
				B4C93B71212EEFA500D21C91 /* Frameworks */,
				B4C93B72212EEFA500D21C91 /* Resources */,
			);
			buildRules = (
			);
			dependencies = (
			);
			name = "ToDoList-iOS";
			productName = "ToDoList-iOS";
			productReference = B4C93B74212EEFA500D21C91 /* ToDoList-iOS.app */;
			productType = "com.apple.product-type.application";
		};
/* End PBXNativeTarget section */

/* Begin PBXProject section */
		B4C93B6C212EEFA500D21C91 /* Project object */ = {
			isa = PBXProject;
			attributes = {
				LastSwiftUpdateCheck = 0940;
				LastUpgradeCheck = 0940;
				ORGANIZATIONNAME = "Pavel Palancica";
				TargetAttributes = {
					B4C93B73212EEFA500D21C91 = {
						CreatedOnToolsVersion = 9.4.1;
					};
				};
			};
			buildConfigurationList = B4C93B6F212EEFA500D21C91 /* Build configuration list for PBXProject "ToDoList-iOS" */;
			compatibilityVersion = "Xcode 9.3";
			developmentRegion = en;
			hasScannedForEncodings = 0;
			knownRegions = (
				en,
				Base,
			);
			mainGroup = B4C93B6B212EEFA500D21C91;
			productRefGroup = B4C93B75212EEFA500D21C91 /* Products */;
			projectDirPath = "";
			projectRoot = "";
			targets = (
				B4C93B73212EEFA500D21C91 /* ToDoList-iOS */,
			);
		};
/* End PBXProject section */

/* Begin PBXResourcesBuildPhase section */
		B4C93B72212EEFA500D21C91 /* Resources */ = {
			isa = PBXResourcesBuildPhase;
			buildActionMask = 2147483647;
			files = (
				B4C93B82212EEFA600D21C91 /* LaunchScreen.storyboard in Resources */,
				B4C93B7F212EEFA600D21C91 /* Assets.xcassets in Resources */,
				B4C93B7D212EEFA500D21C91 /* Main.storyboard in Resources */,
			);
			runOnlyForDeploymentPostprocessing = 0;
		};
/* End PBXResourcesBuildPhase section */

/* Begin PBXSourcesBuildPhase section */
		B4C93B70212EEFA500D21C91 /* Sources */ = {
			isa = PBXSourcesBuildPhase;
			buildActionMask = 2147483647;
			files = (
				B4C93B7A212EEFA500D21C91 /* ListCategoriesViewController.swift in Sources */,
				B4C93B78212EEFA500D21C91 /* AppDelegate.swift in Sources */,
				B4C93B8D212EF3F200D21C91 /* ListViewController.swift in Sources */,
			);
			runOnlyForDeploymentPostprocessing = 0;
		};
/* End PBXSourcesBuildPhase section */

/* Begin PBXVariantGroup section */
		B4C93B7B212EEFA500D21C91 /* Main.storyboard */ = {
			isa = PBXVariantGroup;
			children = (
				B4C93B7C212EEFA500D21C91 /* Base */,
			);
			name = Main.storyboard;
			sourceTree = "<group>";
		};
		B4C93B80212EEFA600D21C91 /* LaunchScreen.storyboard */ = {
			isa = PBXVariantGroup;
			children = (
				B4C93B81212EEFA600D21C91 /* Base */,
			);
			name = LaunchScreen.storyboard;
			sourceTree = "<group>";
		};
/* End PBXVariantGroup section */

/* Begin XCBuildConfiguration section */
		B4C93B84212EEFA600D21C91 /* Debug */ = {
			isa = XCBuildConfiguration;
			buildSettings = {
				ALWAYS_SEARCH_USER_PATHS = NO;
				CLANG_ANALYZER_NONNULL = YES;
				CLANG_ANALYZER_NUMBER_OBJECT_CONVERSION = YES_AGGRESSIVE;
				CLANG_CXX_LANGUAGE_STANDARD = "gnu++14";
				CLANG_CXX_LIBRARY = "libc++";
				CLANG_ENABLE_MODULES = YES;
				CLANG_ENABLE_OBJC_ARC = YES;
				CLANG_ENABLE_OBJC_WEAK = YES;
				CLANG_WARN_BLOCK_CAPTURE_AUTORELEASING = YES;
				CLANG_WARN_BOOL_CONVERSION = YES;
				CLANG_WARN_COMMA = YES;
				CLANG_WARN_CONSTANT_CONVERSION = YES;
				CLANG_WARN_DEPRECATED_OBJC_IMPLEMENTATIONS = YES;
				CLANG_WARN_DIRECT_OBJC_ISA_USAGE = YES_ERROR;
				CLANG_WARN_DOCUMENTATION_COMMENTS = YES;
				CLANG_WARN_EMPTY_BODY = YES;
				CLANG_WARN_ENUM_CONVERSION = YES;
				CLANG_WARN_INFINITE_RECURSION = YES;
				CLANG_WARN_INT_CONVERSION = YES;
				CLANG_WARN_NON_LITERAL_NULL_CONVERSION = YES;
				CLANG_WARN_OBJC_IMPLICIT_RETAIN_SELF = YES;
				CLANG_WARN_OBJC_LITERAL_CONVERSION = YES;
				CLANG_WARN_OBJC_ROOT_CLASS = YES_ERROR;
				CLANG_WARN_RANGE_LOOP_ANALYSIS = YES;
				CLANG_WARN_STRICT_PROTOTYPES = YES;
				CLANG_WARN_SUSPICIOUS_MOVE = YES;
				CLANG_WARN_UNGUARDED_AVAILABILITY = YES_AGGRESSIVE;
				CLANG_WARN_UNREACHABLE_CODE = YES;
				CLANG_WARN__DUPLICATE_METHOD_MATCH = YES;
				CODE_SIGN_IDENTITY = "iPhone Developer";
				COPY_PHASE_STRIP = NO;
				DEBUG_INFORMATION_FORMAT = dwarf;
				ENABLE_STRICT_OBJC_MSGSEND = YES;
				ENABLE_TESTABILITY = YES;
				GCC_C_LANGUAGE_STANDARD = gnu11;
				GCC_DYNAMIC_NO_PIC = NO;
				GCC_NO_COMMON_BLOCKS = YES;
				GCC_OPTIMIZATION_LEVEL = 0;
				GCC_PREPROCESSOR_DEFINITIONS = (
					"DEBUG=1",
					"$(inherited)",
				);
				GCC_WARN_64_TO_32_BIT_CONVERSION = YES;
				GCC_WARN_ABOUT_RETURN_TYPE = YES_ERROR;
				GCC_WARN_UNDECLARED_SELECTOR = YES;
				GCC_WARN_UNINITIALIZED_AUTOS = YES_AGGRESSIVE;
				GCC_WARN_UNUSED_FUNCTION = YES;
				GCC_WARN_UNUSED_VARIABLE = YES;
				IPHONEOS_DEPLOYMENT_TARGET = 11.4;
				MTL_ENABLE_DEBUG_INFO = YES;
				ONLY_ACTIVE_ARCH = YES;
				SDKROOT = iphoneos;
				SWIFT_ACTIVE_COMPILATION_CONDITIONS = DEBUG;
				SWIFT_OPTIMIZATION_LEVEL = "-Onone";
			};
			name = Debug;
		};
		B4C93B85212EEFA600D21C91 /* Release */ = {
			isa = XCBuildConfiguration;
			buildSettings = {
				ALWAYS_SEARCH_USER_PATHS = NO;
				CLANG_ANALYZER_NONNULL = YES;
				CLANG_ANALYZER_NUMBER_OBJECT_CONVERSION = YES_AGGRESSIVE;
				CLANG_CXX_LANGUAGE_STANDARD = "gnu++14";
				CLANG_CXX_LIBRARY = "libc++";
				CLANG_ENABLE_MODULES = YES;
				CLANG_ENABLE_OBJC_ARC = YES;
				CLANG_ENABLE_OBJC_WEAK = YES;
				CLANG_WARN_BLOCK_CAPTURE_AUTORELEASING = YES;
				CLANG_WARN_BOOL_CONVERSION = YES;
				CLANG_WARN_COMMA = YES;
				CLANG_WARN_CONSTANT_CONVERSION = YES;
				CLANG_WARN_DEPRECATED_OBJC_IMPLEMENTATIONS = YES;
				CLANG_WARN_DIRECT_OBJC_ISA_USAGE = YES_ERROR;
				CLANG_WARN_DOCUMENTATION_COMMENTS = YES;
				CLANG_WARN_EMPTY_BODY = YES;
				CLANG_WARN_ENUM_CONVERSION = YES;
				CLANG_WARN_INFINITE_RECURSION = YES;
				CLANG_WARN_INT_CONVERSION = YES;
				CLANG_WARN_NON_LITERAL_NULL_CONVERSION = YES;
				CLANG_WARN_OBJC_IMPLICIT_RETAIN_SELF = YES;
				CLANG_WARN_OBJC_LITERAL_CONVERSION = YES;
				CLANG_WARN_OBJC_ROOT_CLASS = YES_ERROR;
				CLANG_WARN_RANGE_LOOP_ANALYSIS = YES;
				CLANG_WARN_STRICT_PROTOTYPES = YES;
				CLANG_WARN_SUSPICIOUS_MOVE = YES;
				CLANG_WARN_UNGUARDED_AVAILABILITY = YES_AGGRESSIVE;
				CLANG_WARN_UNREACHABLE_CODE = YES;
				CLANG_WARN__DUPLICATE_METHOD_MATCH = YES;
				CODE_SIGN_IDENTITY = "iPhone Developer";
				COPY_PHASE_STRIP = NO;
				DEBUG_INFORMATION_FORMAT = "dwarf-with-dsym";
				ENABLE_NS_ASSERTIONS = NO;
				ENABLE_STRICT_OBJC_MSGSEND = YES;
				GCC_C_LANGUAGE_STANDARD = gnu11;
				GCC_NO_COMMON_BLOCKS = YES;
				GCC_WARN_64_TO_32_BIT_CONVERSION = YES;
				GCC_WARN_ABOUT_RETURN_TYPE = YES_ERROR;
				GCC_WARN_UNDECLARED_SELECTOR = YES;
				GCC_WARN_UNINITIALIZED_AUTOS = YES_AGGRESSIVE;
				GCC_WARN_UNUSED_FUNCTION = YES;
				GCC_WARN_UNUSED_VARIABLE = YES;
				IPHONEOS_DEPLOYMENT_TARGET = 11.4;
				MTL_ENABLE_DEBUG_INFO = NO;
				SDKROOT = iphoneos;
				SWIFT_COMPILATION_MODE = wholemodule;
				SWIFT_OPTIMIZATION_LEVEL = "-O";
				VALIDATE_PRODUCT = YES;
			};
			name = Release;
		};
		B4C93B87212EEFA600D21C91 /* Debug */ = {
			isa = XCBuildConfiguration;
			buildSettings = {
				ASSETCATALOG_COMPILER_APPICON_NAME = AppIcon;
				CODE_SIGN_STYLE = Automatic;
				INFOPLIST_FILE = "ToDoList-iOS/Info.plist";
				LD_RUNPATH_SEARCH_PATHS = (
					"$(inherited)",
					"@executable_path/Frameworks",
				);
				PRODUCT_BUNDLE_IDENTIFIER = "com.palancica.ToDoList-iOS";
				PRODUCT_NAME = "$(TARGET_NAME)";
				SWIFT_VERSION = 4.0;
				TARGETED_DEVICE_FAMILY = "1,2";
			};
			name = Debug;
		};
		B4C93B88212EEFA600D21C91 /* Release */ = {
			isa = XCBuildConfiguration;
			buildSettings = {
				ASSETCATALOG_COMPILER_APPICON_NAME = AppIcon;
				CODE_SIGN_STYLE = Automatic;
				INFOPLIST_FILE = "ToDoList-iOS/Info.plist";
				LD_RUNPATH_SEARCH_PATHS = (
					"$(inherited)",
					"@executable_path/Frameworks",
				);
				PRODUCT_BUNDLE_IDENTIFIER = "com.palancica.ToDoList-iOS";
				PRODUCT_NAME = "$(TARGET_NAME)";
				SWIFT_VERSION = 4.0;
				TARGETED_DEVICE_FAMILY = "1,2";
			};
			name = Release;
		};
/* End XCBuildConfiguration section */

/* Begin XCConfigurationList section */
		B4C93B6F212EEFA500D21C91 /* Build configuration list for PBXProject "ToDoList-iOS" */ = {
			isa = XCConfigurationList;
			buildConfigurations = (
				B4C93B84212EEFA600D21C91 /* Debug */,
				B4C93B85212EEFA600D21C91 /* Release */,
			);
			defaultConfigurationIsVisible = 0;
			defaultConfigurationName = Release;
		};
		B4C93B86212EEFA600D21C91 /* Build configuration list for PBXNativeTarget "ToDoList-iOS" */ = {
			isa = XCConfigurationList;
			buildConfigurations = (
				B4C93B87212EEFA600D21C91 /* Debug */,
				B4C93B88212EEFA600D21C91 /* Release */,
			);
			defaultConfigurationIsVisible = 0;
			defaultConfigurationName = Release;
		};
/* End XCConfigurationList section */
	};
	rootObject = B4C93B6C212EEFA500D21C91 /* Project object */;
}
